
Microsoft Visual Studio Solution File, Format Version 12.00
# Visual Studio 15
VisualStudioVersion = 15.0.27703.2000
MinimumVisualStudioVersion = 10.0.40219.1
Project("{8BC9CEB8-8B4A-11D0-8D11-00A0C91BC942}") = "EdgeView32", "EdgeView32\EdgeView32.vcxproj", "{EEDF0D70-851E-40BF-A4E1-5B24F5BFED68}"
EndProject
Global
	GlobalSection(SolutionConfigurationPlatforms) = preSolution
		Debug|x64 = Debug|x64
		Debug|x86 = Debug|x86
		Release|x64 = Release|x64
		Release|x86 = Release|x86
	EndGlobalSection
	GlobalSection(ProjectConfigurationPlatforms) = postSolution
		{EEDF0D70-851E-40BF-A4E1-5B24F5BFED68}.Debug|x64.ActiveCfg = Debug|x64
		{EEDF0D70-851E-40BF-A4E1-5B24F5BFED68}.Debug|x64.Build.0 = Debug|x64
		{EEDF0D70-851E-40BF-A4E1-5B24F5BFED68}.Debug|x86.ActiveCfg = Debug|Win32
		{EEDF0D70-851E-40BF-A4E1-5B24F5BFED68}.Debug|x86.Build.0 = Debug|Win32
		{EEDF0D70-851E-40BF-A4E1-5B24F5BFED68}.Release|x64.ActiveCfg = Release|x64
		{EEDF0D70-851E-40BF-A4E1-5B24F5BFED68}.Release|x64.Build.0 = Release|x64
		{EEDF0D70-851E-40BF-A4E1-5B24F5BFED68}.Release|x86.ActiveCfg = Release|Win32
		{EEDF0D70-851E-40BF-A4E1-5B24F5BFED68}.Release|x86.Build.0 = Release|Win32
	EndGlobalSection
	GlobalSection(SolutionProperties) = preSolution
		HideSolutionNode = FALSE
	EndGlobalSection
	GlobalSection(ExtensibilityGlobals) = postSolution
		SolutionGuid = {44DB2C44-67D7-43C1-AE12-B648C5712251}
	EndGlobalSection
EndGlobal
