
Microsoft Visual Studio Solution File, Format Version 12.00
# Visual Studio Version 16
VisualStudioVersion = 16.0.29424.173
MinimumVisualStudioVersion = 10.0.40219.1
Project("{8BC9CEB8-8B4A-11D0-8D11-00A0C91BC942}") = "CapturePreview", "CapturePreview\CapturePreview.vcxproj", "{8BCB32EB-FAAA-46FB-96E0-D01E9CE3A63B}"
EndProject
Project("{8BC9CEB8-8B4A-11D0-8D11-00A0C91BC942}") = "CaptureRecord", "CaptureRecord\CaptureRecord.vcxproj", "{D6307E5C-04E0-42AF-997B-B6DE0CC0B330}"
EndProject
Global
	GlobalSection(SolutionConfigurationPlatforms) = preSolution
		Debug|x64 = Debug|x64
		Debug|x86 = Debug|x86
		Release|x64 = Release|x64
		Release|x86 = Release|x86
	EndGlobalSection
	GlobalSection(ProjectConfigurationPlatforms) = postSolution
		{8BCB32EB-FAAA-46FB-96E0-D01E9CE3A63B}.Debug|x64.ActiveCfg = Debug|x64
		{8BCB32EB-FAAA-46FB-96E0-D01E9CE3A63B}.Debug|x64.Build.0 = Debug|x64
		{8BCB32EB-FAAA-46FB-96E0-D01E9CE3A63B}.Debug|x86.ActiveCfg = Debug|Win32
		{8BCB32EB-FAAA-46FB-96E0-D01E9CE3A63B}.Debug|x86.Build.0 = Debug|Win32
		{8BCB32EB-FAAA-46FB-96E0-D01E9CE3A63B}.Release|x64.ActiveCfg = Release|x64
		{8BCB32EB-FAAA-46FB-96E0-D01E9CE3A63B}.Release|x64.Build.0 = Release|x64
		{8BCB32EB-FAAA-46FB-96E0-D01E9CE3A63B}.Release|x86.ActiveCfg = Release|Win32
		{8BCB32EB-FAAA-46FB-96E0-D01E9CE3A63B}.Release|x86.Build.0 = Release|Win32
		{D6307E5C-04E0-42AF-997B-B6DE0CC0B330}.Debug|x64.ActiveCfg = Debug|x64
		{D6307E5C-04E0-42AF-997B-B6DE0CC0B330}.Debug|x64.Build.0 = Debug|x64
		{D6307E5C-04E0-42AF-997B-B6DE0CC0B330}.Debug|x86.ActiveCfg = Debug|Win32
		{D6307E5C-04E0-42AF-997B-B6DE0CC0B330}.Debug|x86.Build.0 = Debug|Win32
		{D6307E5C-04E0-42AF-997B-B6DE0CC0B330}.Release|x64.ActiveCfg = Release|x64
		{D6307E5C-04E0-42AF-997B-B6DE0CC0B330}.Release|x64.Build.0 = Release|x64
		{D6307E5C-04E0-42AF-997B-B6DE0CC0B330}.Release|x86.ActiveCfg = Release|Win32
		{D6307E5C-04E0-42AF-997B-B6DE0CC0B330}.Release|x86.Build.0 = Release|Win32
	EndGlobalSection
	GlobalSection(SolutionProperties) = preSolution
		HideSolutionNode = FALSE
	EndGlobalSection
	GlobalSection(ExtensibilityGlobals) = postSolution
		SolutionGuid = {5EEE5ED4-DFB2-4B55-B826-BEAA53AAFAAD}
	EndGlobalSection
EndGlobal
