<?xml version="1.0" encoding="utf-8"?>
<Project ToolsVersion="4.0" xmlns="http://schemas.microsoft.com/developer/msbuild/2003">
  <ItemGroup>
    <ClCompile Include="main.cpp" />
    <ClCompile Include="..\common\Stopwatch.cpp">
      <Filter>common</Filter>
    </ClCompile>
    <ClCompile Include="..\common\FPSCounter.cpp">
      <Filter>common</Filter>
    </ClCompile>
    <ClCompile Include="..\common\Direct3D11Application.cpp">
      <Filter>common</Filter>
    </ClCompile>
    <ClCompile Include="..\common\stdafx.cpp">
      <Filter>common</Filter>
    </ClCompile>
  </ItemGroup>
  <ItemGroup>
    <ClInclude Include="..\common\FPSCounter.h">
      <Filter>common</Filter>
    </ClInclude>
    <ClInclude Include="..\common\Stopwatch.h">
      <Filter>common</Filter>
    </ClInclude>
    <ClInclude Include="..\common\Direct3D11Application.h">
      <Filter>common</Filter>
    </ClInclude>
    <ClInclude Include="..\common\stdafx.h">
      <Filter>common</Filter>
    </ClInclude>
  </ItemGroup>
  <ItemGroup>
    <None Include="packages.config" />
    <None Include="..\Assets\Shaders\simple.hlsl">
      <Filter>Assets</Filter>
    </None>
  </ItemGroup>
  <ItemGroup>
    <Filter Include="common">
      <UniqueIdentifier>{cec44b66-4da0-493d-a253-e746fe5ad690}</UniqueIdentifier>
    </Filter>
    <Filter Include="Assets">
      <UniqueIdentifier>{efe68260-2b10-4d83-a3a3-828617ce6f43}</UniqueIdentifier>
    </Filter>
  </ItemGroup>
</Project>