<?xml version="1.0" encoding="utf-8"?>
<Project ToolsVersion="4.0" xmlns="http://schemas.microsoft.com/developer/msbuild/2003">
  <ItemGroup>
    <ClCompile Include="stdafx.cpp" />
    <ClCompile Include="main.cpp" />
    <ClCompile Include="..\common\Stopwatch.cpp">
      <Filter>common</Filter>
    </ClCompile>
    <ClCompile Include="..\common\FPSCounter.cpp">
      <Filter>common</Filter>
    </ClCompile>
  </ItemGroup>
  <ItemGroup>
    <ClInclude Include="stdafx.h" />
    <ClInclude Include="..\common\d3dx12.h">
      <Filter>common</Filter>
    </ClInclude>
    <ClInclude Include="..\common\FPSCounter.h">
      <Filter>common</Filter>
    </ClInclude>
    <ClInclude Include="..\common\Stopwatch.h">
      <Filter>common</Filter>
    </ClInclude>
  </ItemGroup>
  <ItemGroup>
    <Filter Include="common">
      <UniqueIdentifier>{6656f613-cbe8-4f78-95cf-23477688e2fb}</UniqueIdentifier>
    </Filter>
    <Filter Include="Assets">
      <UniqueIdentifier>{c64f6d7c-2f9d-4127-ab62-d015ce48bff5}</UniqueIdentifier>
    </Filter>
  </ItemGroup>
  <ItemGroup>
    <None Include="packages.config" />
    <None Include="..\Assets\Shaders\simple.hlsl">
      <Filter>Assets</Filter>
    </None>
  </ItemGroup>
</Project>